// !$*UTF8*$!
{
	archiveVersion = 1;
	classes = {
	};
	objectVersion = 46;
	objects = {

/* Begin PBXBuildFile section */
		19371719147E576400AB4C10 /* default.xml in Resources */ = {isa = PBXBuildFile; fileRef = 19371718147E576400AB4C10 /* default.xml */; };
		19A280AA147DEF9100176E6C /* UIKit.framework in Frameworks */ = {isa = PBXBuildFile; fileRef = 19A280A9147DEF9100176E6C /* UIKit.framework */; };
		19A280AC147DEF9100176E6C /* Foundation.framework in Frameworks */ = {isa = PBXBuildFile; fileRef = 19A280AB147DEF9100176E6C /* Foundation.framework */; };
		19A280AE147DEF9100176E6C /* CoreGraphics.framework in Frameworks */ = {isa = PBXBuildFile; fileRef = 19A280AD147DEF9100176E6C /* CoreGraphics.framework */; };
		19A280B4147DEF9100176E6C /* InfoPlist.strings in Resources */ = {isa = PBXBuildFile; fileRef = 19A280B2147DEF9100176E6C /* InfoPlist.strings */; };
		19A280B6147DEF9100176E6C /* main.m in Sources */ = {isa = PBXBuildFile; fileRef = 19A280B5147DEF9100176E6C /* main.m */; };
		19A280C0147DEF9100176E6C /* CATViewController.xib in Resources */ = {isa = PBXBuildFile; fileRef = 19A280BE147DEF9100176E6C /* CATViewController.xib */; };
		19A280CA147DEFF300176E6C /* EEfireRon.png in Resources */ = {isa = PBXBuildFile; fileRef = 19A280C7147DEFF300176E6C /* EEfireRon.png */; };
		19A280CB147DEFF300176E6C /* melonman.png in Resources */ = {isa = PBXBuildFile; fileRef = 19A280C8147DEFF300176E6C /* melonman.png */; };
		19A280CC147DEFF300176E6C /* melonman2.png in Resources */ = {isa = PBXBuildFile; fileRef = 19A280C9147DEFF300176E6C /* melonman2.png */; };
		19A280D2147DF08400176E6C /* CATMap.m in Sources */ = {isa = PBXBuildFile; fileRef = 19A280CD147DF08400176E6C /* CATMap.m */; };
		19A280D3147DF08400176E6C /* CATRole.m in Sources */ = {isa = PBXBuildFile; fileRef = 19A280CF147DF08400176E6C /* CATRole.m */; };
		19A280D4147DF08400176E6C /* CATViewController.m in Sources */ = {isa = PBXBuildFile; fileRef = 19A280D1147DF08400176E6C /* CATViewController.m */; };
		19A280D7147DF08D00176E6C /* CATAppDelegate.m in Sources */ = {isa = PBXBuildFile; fileRef = 19A280D6147DF08D00176E6C /* CATAppDelegate.m */; };
/* End PBXBuildFile section */

/* Begin PBXFileReference section */
		19371718147E576400AB4C10 /* default.xml */ = {isa = PBXFileReference; fileEncoding = 4; lastKnownFileType = text.xml; path = default.xml; sourceTree = "<group>"; };
		19A280A5147DEF9100176E6C /* CATch.app */ = {isa = PBXFileReference; explicitFileType = wrapper.application; includeInIndex = 0; path = CATch.app; sourceTree = BUILT_PRODUCTS_DIR; };
		19A280A9147DEF9100176E6C /* UIKit.framework */ = {isa = PBXFileReference; lastKnownFileType = wrapper.framework; name = UIKit.framework; path = System/Library/Frameworks/UIKit.framework; sourceTree = SDKROOT; };
		19A280AB147DEF9100176E6C /* Foundation.framework */ = {isa = PBXFileReference; lastKnownFileType = wrapper.framework; name = Foundation.framework; path = System/Library/Frameworks/Foundation.framework; sourceTree = SDKROOT; };
		19A280AD147DEF9100176E6C /* CoreGraphics.framework */ = {isa = PBXFileReference; lastKnownFileType = wrapper.framework; name = CoreGraphics.framework; path = System/Library/Frameworks/CoreGraphics.framework; sourceTree = SDKROOT; };
		19A280B1147DEF9100176E6C /* CATch-Info.plist */ = {isa = PBXFileReference; lastKnownFileType = text.plist.xml; path = "CATch-Info.plist"; sourceTree = "<group>"; };
		19A280B3147DEF9100176E6C /* en */ = {isa = PBXFileReference; lastKnownFileType = text.plist.strings; name = en; path = en.lproj/InfoPlist.strings; sourceTree = "<group>"; };
		19A280B5147DEF9100176E6C /* main.m */ = {isa = PBXFileReference; lastKnownFileType = sourcecode.c.objc; path = main.m; sourceTree = "<group>"; };
		19A280B7147DEF9100176E6C /* CATch-Prefix.pch */ = {isa = PBXFileReference; lastKnownFileType = sourcecode.c.h; path = "CATch-Prefix.pch"; sourceTree = "<group>"; };
		19A280BF147DEF9100176E6C /* en */ = {isa = PBXFileReference; lastKnownFileType = file.xib; name = en; path = en.lproj/CATViewController.xib; sourceTree = "<group>"; };
		19A280C7147DEFF300176E6C /* EEfireRon.png */ = {isa = PBXFileReference; lastKnownFileType = image.png; path = EEfireRon.png; sourceTree = "<group>"; };
		19A280C8147DEFF300176E6C /* melonman.png */ = {isa = PBXFileReference; lastKnownFileType = image.png; path = melonman.png; sourceTree = "<group>"; };
		19A280C9147DEFF300176E6C /* melonman2.png */ = {isa = PBXFileReference; lastKnownFileType = image.png; path = melonman2.png; sourceTree = "<group>"; };
		19A280CD147DF08400176E6C /* CATMap.m */ = {isa = PBXFileReference; fileEncoding = 4; lastKnownFileType = sourcecode.c.objc; path = CATMap.m; sourceTree = "<group>"; };
		19A280CE147DF08400176E6C /* CATRole.h */ = {isa = PBXFileReference; fileEncoding = 4; lastKnownFileType = sourcecode.c.h; path = CATRole.h; sourceTree = "<group>"; };
		19A280CF147DF08400176E6C /* CATRole.m */ = {isa = PBXFileReference; fileEncoding = 4; lastKnownFileType = sourcecode.c.objc; path = CATRole.m; sourceTree = "<group>"; };
		19A280D0147DF08400176E6C /* CATViewController.h */ = {isa = PBXFileReference; fileEncoding = 4; lastKnownFileType = sourcecode.c.h; path = CATViewController.h; sourceTree = "<group>"; };
		19A280D1147DF08400176E6C /* CATViewController.m */ = {isa = PBXFileReference; fileEncoding = 4; lastKnownFileType = sourcecode.c.objc; path = CATViewController.m; sourceTree = "<group>"; };
		19A280D5147DF08D00176E6C /* CATAppDelegate.h */ = {isa = PBXFileReference; fileEncoding = 4; lastKnownFileType = sourcecode.c.h; path = CATAppDelegate.h; sourceTree = "<group>"; };
		19A280D6147DF08D00176E6C /* CATAppDelegate.m */ = {isa = PBXFileReference; fileEncoding = 4; lastKnownFileType = sourcecode.c.objc; path = CATAppDelegate.m; sourceTree = "<group>"; };
		19A280D8147DF09600176E6C /* CATMap.h */ = {isa = PBXFileReference; fileEncoding = 4; lastKnownFileType = sourcecode.c.h; path = CATMap.h; sourceTree = "<group>"; };
/* End PBXFileReference section */

/* Begin PBXFrameworksBuildPhase section */
		19A280A2147DEF9100176E6C /* Frameworks */ = {
			isa = PBXFrameworksBuildPhase;
			buildActionMask = 2147483647;
			files = (
				19A280AA147DEF9100176E6C /* UIKit.framework in Frameworks */,
				19A280AC147DEF9100176E6C /* Foundation.framework in Frameworks */,
				19A280AE147DEF9100176E6C /* CoreGraphics.framework in Frameworks */,
			);
			runOnlyForDeploymentPostprocessing = 0;
		};
/* End PBXFrameworksBuildPhase section */

/* Begin PBXGroup section */
		19A2809A147DEF9100176E6C = {
			isa = PBXGroup;
			children = (
				19371718147E576400AB4C10 /* default.xml */,
				19A280AF147DEF9100176E6C /* CATch */,
				19A280A8147DEF9100176E6C /* Frameworks */,
				19A280A6147DEF9100176E6C /* Products */,
			);
			sourceTree = "<group>";
		};
		19A280A6147DEF9100176E6C /* Products */ = {
			isa = PBXGroup;
			children = (
				19A280A5147DEF9100176E6C /* CATch.app */,
			);
			name = Products;
			sourceTree = "<group>";
		};
		19A280A8147DEF9100176E6C /* Frameworks */ = {
			isa = PBXGroup;
			children = (
				19A280A9147DEF9100176E6C /* UIKit.framework */,
				19A280AB147DEF9100176E6C /* Foundation.framework */,
				19A280AD147DEF9100176E6C /* CoreGraphics.framework */,
			);
			name = Frameworks;
			sourceTree = "<group>";
		};
		19A280AF147DEF9100176E6C /* CATch */ = {
			isa = PBXGroup;
			children = (
				19A280D5147DF08D00176E6C /* CATAppDelegate.h */,
				19A280D6147DF08D00176E6C /* CATAppDelegate.m */,
				19A280D8147DF09600176E6C /* CATMap.h */,
				19A280CD147DF08400176E6C /* CATMap.m */,
				19A280CE147DF08400176E6C /* CATRole.h */,
				19A280CF147DF08400176E6C /* CATRole.m */,
				19A280D0147DF08400176E6C /* CATViewController.h */,
				19A280D1147DF08400176E6C /* CATViewController.m */,
				19A280C6147DEFD900176E6C /* Image */,
				19A280BE147DEF9100176E6C /* CATViewController.xib */,
				19A280B0147DEF9100176E6C /* Supporting Files */,
			);
			path = CATch;
			sourceTree = "<group>";
		};
		19A280B0147DEF9100176E6C /* Supporting Files */ = {
			isa = PBXGroup;
			children = (
				19A280B1147DEF9100176E6C /* CATch-Info.plist */,
				19A280B2147DEF9100176E6C /* InfoPlist.strings */,
				19A280B5147DEF9100176E6C /* main.m */,
				19A280B7147DEF9100176E6C /* CATch-Prefix.pch */,
			);
			name = "Supporting Files";
			sourceTree = "<group>";
		};
		19A280C6147DEFD900176E6C /* Image */ = {
			isa = PBXGroup;
			children = (
				19A280C7147DEFF300176E6C /* EEfireRon.png */,
				19A280C8147DEFF300176E6C /* melonman.png */,
				19A280C9147DEFF300176E6C /* melonman2.png */,
			);
			name = Image;
			sourceTree = "<group>";
		};
/* End PBXGroup section */

/* Begin PBXNativeTarget section */
		19A280A4147DEF9100176E6C /* CATch */ = {
			isa = PBXNativeTarget;
			buildConfigurationList = 19A280C3147DEF9100176E6C /* Build configuration list for PBXNativeTarget "CATch" */;
			buildPhases = (
				19A280A1147DEF9100176E6C /* Sources */,
				19A280A2147DEF9100176E6C /* Frameworks */,
				19A280A3147DEF9100176E6C /* Resources */,
			);
			buildRules = (
			);
			dependencies = (
			);
			name = CATch;
			productName = CATch;
			productReference = 19A280A5147DEF9100176E6C /* CATch.app */;
			productType = "com.apple.product-type.application";
		};
/* End PBXNativeTarget section */

/* Begin PBXProject section */
		19A2809C147DEF9100176E6C /* Project object */ = {
			isa = PBXProject;
			attributes = {
				LastUpgradeCheck = 0420;
			};
			buildConfigurationList = 19A2809F147DEF9100176E6C /* Build configuration list for PBXProject "CATch" */;
			compatibilityVersion = "Xcode 3.2";
			developmentRegion = English;
			hasScannedForEncodings = 0;
			knownRegions = (
				en,
			);
			mainGroup = 19A2809A147DEF9100176E6C;
			productRefGroup = 19A280A6147DEF9100176E6C /* Products */;
			projectDirPath = "";
			projectRoot = "";
			targets = (
				19A280A4147DEF9100176E6C /* CATch */,
			);
		};
/* End PBXProject section */

/* Begin PBXResourcesBuildPhase section */
		19A280A3147DEF9100176E6C /* Resources */ = {
			isa = PBXResourcesBuildPhase;
			buildActionMask = 2147483647;
			files = (
				19A280B4147DEF9100176E6C /* InfoPlist.strings in Resources */,
				19A280C0147DEF9100176E6C /* CATViewController.xib in Resources */,
				19A280CA147DEFF300176E6C /* EEfireRon.png in Resources */,
				19A280CB147DEFF300176E6C /* melonman.png in Resources */,
				19A280CC147DEFF300176E6C /* melonman2.png in Resources */,
				19371719147E576400AB4C10 /* default.xml in Resources */,
			);
			runOnlyForDeploymentPostprocessing = 0;
		};
/* End PBXResourcesBuildPhase section */

/* Begin PBXSourcesBuildPhase section */
		19A280A1147DEF9100176E6C /* Sources */ = {
			isa = PBXSourcesBuildPhase;
			buildActionMask = 2147483647;
			files = (
				19A280B6147DEF9100176E6C /* main.m in Sources */,
				19A280D2147DF08400176E6C /* CATMap.m in Sources */,
				19A280D3147DF08400176E6C /* CATRole.m in Sources */,
				19A280D4147DF08400176E6C /* CATViewController.m in Sources */,
				19A280D7147DF08D00176E6C /* CATAppDelegate.m in Sources */,
			);
			runOnlyForDeploymentPostprocessing = 0;
		};
/* End PBXSourcesBuildPhase section */

/* Begin PBXVariantGroup section */
		19A280B2147DEF9100176E6C /* InfoPlist.strings */ = {
			isa = PBXVariantGroup;
			children = (
				19A280B3147DEF9100176E6C /* en */,
			);
			name = InfoPlist.strings;
			sourceTree = "<group>";
		};
		19A280BE147DEF9100176E6C /* CATViewController.xib */ = {
			isa = PBXVariantGroup;
			children = (
				19A280BF147DEF9100176E6C /* en */,
			);
			name = CATViewController.xib;
			sourceTree = "<group>";
		};
/* End PBXVariantGroup section */

/* Begin XCBuildConfiguration section */
		19A280C1147DEF9100176E6C /* Debug */ = {
			isa = XCBuildConfiguration;
			buildSettings = {
				ALWAYS_SEARCH_USER_PATHS = NO;
				ARCHS = "$(ARCHS_STANDARD_32_BIT)";
				"CODE_SIGN_IDENTITY[sdk=iphoneos*]" = "iPhone Developer";
				COPY_PHASE_STRIP = NO;
				GCC_C_LANGUAGE_STANDARD = gnu99;
				GCC_DYNAMIC_NO_PIC = NO;
				GCC_OPTIMIZATION_LEVEL = 0;
				GCC_PREPROCESSOR_DEFINITIONS = (
					"DEBUG=1",
					"$(inherited)",
				);
				GCC_SYMBOLS_PRIVATE_EXTERN = NO;
				GCC_VERSION = com.apple.compilers.llvm.clang.1_0;
				GCC_WARN_ABOUT_MISSING_PROTOTYPES = YES;
				GCC_WARN_ABOUT_RETURN_TYPE = YES;
				GCC_WARN_UNUSED_VARIABLE = YES;
				IPHONEOS_DEPLOYMENT_TARGET = 5.0;
				SDKROOT = iphoneos;
				TARGETED_DEVICE_FAMILY = 2;
			};
			name = Debug;
		};
		19A280C2147DEF9100176E6C /* Release */ = {
			isa = XCBuildConfiguration;
			buildSettings = {
				ALWAYS_SEARCH_USER_PATHS = NO;
				ARCHS = "$(ARCHS_STANDARD_32_BIT)";
				"CODE_SIGN_IDENTITY[sdk=iphoneos*]" = "iPhone Developer";
				COPY_PHASE_STRIP = YES;
				GCC_C_LANGUAGE_STANDARD = gnu99;
				GCC_VERSION = com.apple.compilers.llvm.clang.1_0;
				GCC_WARN_ABOUT_MISSING_PROTOTYPES = YES;
				GCC_WARN_ABOUT_RETURN_TYPE = YES;
				GCC_WARN_UNUSED_VARIABLE = YES;
				IPHONEOS_DEPLOYMENT_TARGET = 5.0;
				OTHER_CFLAGS = "-DNS_BLOCK_ASSERTIONS=1";
				SDKROOT = iphoneos;
				TARGETED_DEVICE_FAMILY = 2;
				VALIDATE_PRODUCT = YES;
			};
			name = Release;
		};
		19A280C4147DEF9100176E6C /* Debug */ = {
			isa = XCBuildConfiguration;
			buildSettings = {
				GCC_PRECOMPILE_PREFIX_HEADER = YES;
				GCC_PREFIX_HEADER = "CATch/CATch-Prefix.pch";
				INFOPLIST_FILE = "CATch/CATch-Info.plist";
				IPHONEOS_DEPLOYMENT_TARGET = 4.3;
				PRODUCT_NAME = "$(TARGET_NAME)";
				WRAPPER_EXTENSION = app;
			};
			name = Debug;
		};
		19A280C5147DEF9100176E6C /* Release */ = {
			isa = XCBuildConfiguration;
			buildSettings = {
				GCC_PRECOMPILE_PREFIX_HEADER = YES;
				GCC_PREFIX_HEADER = "CATch/CATch-Prefix.pch";
				INFOPLIST_FILE = "CATch/CATch-Info.plist";
				IPHONEOS_DEPLOYMENT_TARGET = 4.3;
				PRODUCT_NAME = "$(TARGET_NAME)";
				WRAPPER_EXTENSION = app;
			};
			name = Release;
		};
/* End XCBuildConfiguration section */

/* Begin XCConfigurationList section */
		19A2809F147DEF9100176E6C /* Build configuration list for PBXProject "CATch" */ = {
			isa = XCConfigurationList;
			buildConfigurations = (
				19A280C1147DEF9100176E6C /* Debug */,
				19A280C2147DEF9100176E6C /* Release */,
			);
			defaultConfigurationIsVisible = 0;
			defaultConfigurationName = Release;
		};
		19A280C3147DEF9100176E6C /* Build configuration list for PBXNativeTarget "CATch" */ = {
			isa = XCConfigurationList;
			buildConfigurations = (
				19A280C4147DEF9100176E6C /* Debug */,
				19A280C5147DEF9100176E6C /* Release */,
			);
			defaultConfigurationIsVisible = 0;
			defaultConfigurationName = Release;
		};
/* End XCConfigurationList section */
	};
	rootObject = 19A2809C147DEF9100176E6C /* Project object */;
}
